// !$*UTF8*$!
{
	archiveVersion = 1;
	classes = {
	};
	objectVersion = 55;
	objects = {

/* Begin PBXBuildFile section */
		7F021D1028B2D22A0085D5AF /* SummaryCollectionViewFlowLayout.swift in Sources */ = {isa = PBXBuildFile; fileRef = 7F021D0F28B2D22A0085D5AF /* SummaryCollectionViewFlowLayout.swift */; };
		7F021D1128B2D22A0085D5AF /* SummaryCollectionViewFlowLayout.swift in Sources */ = {isa = PBXBuildFile; fileRef = 7F021D0F28B2D22A0085D5AF /* SummaryCollectionViewFlowLayout.swift */; };
		7F021D1228B2D22A0085D5AF /* SummaryCollectionViewFlowLayout.swift in Sources */ = {isa = PBXBuildFile; fileRef = 7F021D0F28B2D22A0085D5AF /* SummaryCollectionViewFlowLayout.swift */; };
		7F021D1428B2D2700085D5AF /* SummaryCollectionViewCompositionalLayout.swift in Sources */ = {isa = PBXBuildFile; fileRef = 7F021D1328B2D2700085D5AF /* SummaryCollectionViewCompositionalLayout.swift */; };
		7F021D1528B2D2700085D5AF /* SummaryCollectionViewCompositionalLayout.swift in Sources */ = {isa = PBXBuildFile; fileRef = 7F021D1328B2D2700085D5AF /* SummaryCollectionViewCompositionalLayout.swift */; };
		7F021D1628B2D2700085D5AF /* SummaryCollectionViewCompositionalLayout.swift in Sources */ = {isa = PBXBuildFile; fileRef = 7F021D1328B2D2700085D5AF /* SummaryCollectionViewCompositionalLayout.swift */; };
		7F099E5128B0F68C007E2ABF /* StartupViewController.swift in Sources */ = {isa = PBXBuildFile; fileRef = 7F099E5028B0F68C007E2ABF /* StartupViewController.swift */; };
		7F099E5228B0F68C007E2ABF /* StartupViewController.swift in Sources */ = {isa = PBXBuildFile; fileRef = 7F099E5028B0F68C007E2ABF /* StartupViewController.swift */; };
		7F099E5328B0F68C007E2ABF /* StartupViewController.swift in Sources */ = {isa = PBXBuildFile; fileRef = 7F099E5028B0F68C007E2ABF /* StartupViewController.swift */; };
		7F099E5828B169F0007E2ABF /* BeerDataStorageManager.swift in Sources */ = {isa = PBXBuildFile; fileRef = 7F3BD27428AECB2C0071292C /* BeerDataStorageManager.swift */; };
		7F099E5928B169F7007E2ABF /* DiskStorageManager.swift in Sources */ = {isa = PBXBuildFile; fileRef = 7F3BD27128AECB170071292C /* DiskStorageManager.swift */; };
		7F099E5A28B169FE007E2ABF /* APIUtils.swift in Sources */ = {isa = PBXBuildFile; fileRef = 7F3BD26D28AEC3670071292C /* APIUtils.swift */; };
		7F099E5C28B17C73007E2ABF /* APIUtilTests.swift in Sources */ = {isa = PBXBuildFile; fileRef = 7F099E5B28B17C73007E2ABF /* APIUtilTests.swift */; };
		7F099E5E28B17FD7007E2ABF /* StorageUnitTests.swift in Sources */ = {isa = PBXBuildFile; fileRef = 7F099E5D28B17FD7007E2ABF /* StorageUnitTests.swift */; };
		7F3BD23D28AEC32F0071292C /* AppDelegate.swift in Sources */ = {isa = PBXBuildFile; fileRef = 7F3BD23C28AEC32F0071292C /* AppDelegate.swift */; };
		7F3BD23F28AEC32F0071292C /* SceneDelegate.swift in Sources */ = {isa = PBXBuildFile; fileRef = 7F3BD23E28AEC32F0071292C /* SceneDelegate.swift */; };
		7F3BD24428AEC32F0071292C /* Main.storyboard in Resources */ = {isa = PBXBuildFile; fileRef = 7F3BD24228AEC32F0071292C /* Main.storyboard */; };
		7F3BD24628AEC3320071292C /* Assets.xcassets in Resources */ = {isa = PBXBuildFile; fileRef = 7F3BD24528AEC3320071292C /* Assets.xcassets */; };
		7F3BD24928AEC3320071292C /* LaunchScreen.storyboard in Resources */ = {isa = PBXBuildFile; fileRef = 7F3BD24728AEC3320071292C /* LaunchScreen.storyboard */; };
		7F3BD25E28AEC3320071292C /* BeerAppUITests.swift in Sources */ = {isa = PBXBuildFile; fileRef = 7F3BD25D28AEC3320071292C /* BeerAppUITests.swift */; };
		7F3BD26028AEC3320071292C /* BeerAppUITestsLaunchTests.swift in Sources */ = {isa = PBXBuildFile; fileRef = 7F3BD25F28AEC3320071292C /* BeerAppUITestsLaunchTests.swift */; };
		7F3BD26E28AEC3670071292C /* APIUtils.swift in Sources */ = {isa = PBXBuildFile; fileRef = 7F3BD26D28AEC3670071292C /* APIUtils.swift */; };
		7F3BD26F28AEC3670071292C /* APIUtils.swift in Sources */ = {isa = PBXBuildFile; fileRef = 7F3BD26D28AEC3670071292C /* APIUtils.swift */; };
		7F3BD27228AECB170071292C /* DiskStorageManager.swift in Sources */ = {isa = PBXBuildFile; fileRef = 7F3BD27128AECB170071292C /* DiskStorageManager.swift */; };
		7F3BD27328AECB170071292C /* DiskStorageManager.swift in Sources */ = {isa = PBXBuildFile; fileRef = 7F3BD27128AECB170071292C /* DiskStorageManager.swift */; };
		7F3BD27528AECB2C0071292C /* BeerDataStorageManager.swift in Sources */ = {isa = PBXBuildFile; fileRef = 7F3BD27428AECB2C0071292C /* BeerDataStorageManager.swift */; };
		7F3BD27628AECB2C0071292C /* BeerDataStorageManager.swift in Sources */ = {isa = PBXBuildFile; fileRef = 7F3BD27428AECB2C0071292C /* BeerDataStorageManager.swift */; };
		7FA8F91E28B02C660074B27C /* SummaryCollectionViewController.swift in Sources */ = {isa = PBXBuildFile; fileRef = 7FA8F91D28B02C660074B27C /* SummaryCollectionViewController.swift */; };
		7FA8F91F28B02C660074B27C /* SummaryCollectionViewController.swift in Sources */ = {isa = PBXBuildFile; fileRef = 7FA8F91D28B02C660074B27C /* SummaryCollectionViewController.swift */; };
		7FA8F92028B02C660074B27C /* SummaryCollectionViewController.swift in Sources */ = {isa = PBXBuildFile; fileRef = 7FA8F91D28B02C660074B27C /* SummaryCollectionViewController.swift */; };
		7FA8F92228B02CC10074B27C /* SummaryCollectionViewCell.swift in Sources */ = {isa = PBXBuildFile; fileRef = 7FA8F92128B02CC10074B27C /* SummaryCollectionViewCell.swift */; };
		7FA8F92328B02CC10074B27C /* SummaryCollectionViewCell.swift in Sources */ = {isa = PBXBuildFile; fileRef = 7FA8F92128B02CC10074B27C /* SummaryCollectionViewCell.swift */; };
		7FA8F92428B02CC10074B27C /* SummaryCollectionViewCell.swift in Sources */ = {isa = PBXBuildFile; fileRef = 7FA8F92128B02CC10074B27C /* SummaryCollectionViewCell.swift */; };
		7FA8F93028B03E5B0074B27C /* DetailedViewController.swift in Sources */ = {isa = PBXBuildFile; fileRef = 7FA8F92F28B03E5B0074B27C /* DetailedViewController.swift */; };
		7FA8F93128B03E5B0074B27C /* DetailedViewController.swift in Sources */ = {isa = PBXBuildFile; fileRef = 7FA8F92F28B03E5B0074B27C /* DetailedViewController.swift */; };
		7FA8F93228B03E5B0074B27C /* DetailedViewController.swift in Sources */ = {isa = PBXBuildFile; fileRef = 7FA8F92F28B03E5B0074B27C /* DetailedViewController.swift */; };
/* End PBXBuildFile section */

/* Begin PBXContainerItemProxy section */
		7F3BD25028AEC3320071292C /* PBXContainerItemProxy */ = {
			isa = PBXContainerItemProxy;
			containerPortal = 7F3BD23128AEC32F0071292C /* Project object */;
			proxyType = 1;
			remoteGlobalIDString = 7F3BD23828AEC32F0071292C;
			remoteInfo = BeerApp;
		};
		7F3BD25A28AEC3320071292C /* PBXContainerItemProxy */ = {
			isa = PBXContainerItemProxy;
			containerPortal = 7F3BD23128AEC32F0071292C /* Project object */;
			proxyType = 1;
			remoteGlobalIDString = 7F3BD23828AEC32F0071292C;
			remoteInfo = BeerApp;
		};
/* End PBXContainerItemProxy section */

/* Begin PBXFileReference section */
		7F021D0F28B2D22A0085D5AF /* SummaryCollectionViewFlowLayout.swift */ = {isa = PBXFileReference; lastKnownFileType = sourcecode.swift; path = SummaryCollectionViewFlowLayout.swift; sourceTree = "<group>"; };
		7F021D1328B2D2700085D5AF /* SummaryCollectionViewCompositionalLayout.swift */ = {isa = PBXFileReference; lastKnownFileType = sourcecode.swift; path = SummaryCollectionViewCompositionalLayout.swift; sourceTree = "<group>"; };
		7F099E5028B0F68C007E2ABF /* StartupViewController.swift */ = {isa = PBXFileReference; lastKnownFileType = sourcecode.swift; path = StartupViewController.swift; sourceTree = "<group>"; };
		7F099E5B28B17C73007E2ABF /* APIUtilTests.swift */ = {isa = PBXFileReference; lastKnownFileType = sourcecode.swift; path = APIUtilTests.swift; sourceTree = "<group>"; };
		7F099E5D28B17FD7007E2ABF /* StorageUnitTests.swift */ = {isa = PBXFileReference; lastKnownFileType = sourcecode.swift; path = StorageUnitTests.swift; sourceTree = "<group>"; };
		7F3BD23928AEC32F0071292C /* BeerApp.app */ = {isa = PBXFileReference; explicitFileType = wrapper.application; includeInIndex = 0; path = BeerApp.app; sourceTree = BUILT_PRODUCTS_DIR; };
		7F3BD23C28AEC32F0071292C /* AppDelegate.swift */ = {isa = PBXFileReference; lastKnownFileType = sourcecode.swift; path = AppDelegate.swift; sourceTree = "<group>"; };
		7F3BD23E28AEC32F0071292C /* SceneDelegate.swift */ = {isa = PBXFileReference; lastKnownFileType = sourcecode.swift; path = SceneDelegate.swift; sourceTree = "<group>"; };
		7F3BD24328AEC32F0071292C /* Base */ = {isa = PBXFileReference; lastKnownFileType = file.storyboard; name = Base; path = Base.lproj/Main.storyboard; sourceTree = "<group>"; };
		7F3BD24528AEC3320071292C /* Assets.xcassets */ = {isa = PBXFileReference; lastKnownFileType = folder.assetcatalog; path = Assets.xcassets; sourceTree = "<group>"; };
		7F3BD24828AEC3320071292C /* Base */ = {isa = PBXFileReference; lastKnownFileType = file.storyboard; name = Base; path = Base.lproj/LaunchScreen.storyboard; sourceTree = "<group>"; };
		7F3BD24A28AEC3320071292C /* Info.plist */ = {isa = PBXFileReference; lastKnownFileType = text.plist.xml; path = Info.plist; sourceTree = "<group>"; };
		7F3BD24F28AEC3320071292C /* BeerAppTests.xctest */ = {isa = PBXFileReference; explicitFileType = wrapper.cfbundle; includeInIndex = 0; path = BeerAppTests.xctest; sourceTree = BUILT_PRODUCTS_DIR; };
		7F3BD25928AEC3320071292C /* BeerAppUITests.xctest */ = {isa = PBXFileReference; explicitFileType = wrapper.cfbundle; includeInIndex = 0; path = BeerAppUITests.xctest; sourceTree = BUILT_PRODUCTS_DIR; };
		7F3BD25D28AEC3320071292C /* BeerAppUITests.swift */ = {isa = PBXFileReference; lastKnownFileType = sourcecode.swift; path = BeerAppUITests.swift; sourceTree = "<group>"; };
		7F3BD25F28AEC3320071292C /* BeerAppUITestsLaunchTests.swift */ = {isa = PBXFileReference; lastKnownFileType = sourcecode.swift; path = BeerAppUITestsLaunchTests.swift; sourceTree = "<group>"; };
		7F3BD26D28AEC3670071292C /* APIUtils.swift */ = {isa = PBXFileReference; lastKnownFileType = sourcecode.swift; path = APIUtils.swift; sourceTree = "<group>"; };
		7F3BD27128AECB170071292C /* DiskStorageManager.swift */ = {isa = PBXFileReference; lastKnownFileType = sourcecode.swift; path = DiskStorageManager.swift; sourceTree = "<group>"; };
		7F3BD27428AECB2C0071292C /* BeerDataStorageManager.swift */ = {isa = PBXFileReference; lastKnownFileType = sourcecode.swift; path = BeerDataStorageManager.swift; sourceTree = "<group>"; };
		7FA8F91D28B02C660074B27C /* SummaryCollectionViewController.swift */ = {isa = PBXFileReference; lastKnownFileType = sourcecode.swift; path = SummaryCollectionViewController.swift; sourceTree = "<group>"; };
		7FA8F92128B02CC10074B27C /* SummaryCollectionViewCell.swift */ = {isa = PBXFileReference; lastKnownFileType = sourcecode.swift; path = SummaryCollectionViewCell.swift; sourceTree = "<group>"; };
		7FA8F92F28B03E5B0074B27C /* DetailedViewController.swift */ = {isa = PBXFileReference; lastKnownFileType = sourcecode.swift; path = DetailedViewController.swift; sourceTree = "<group>"; };
/* End PBXFileReference section */

/* Begin PBXFrameworksBuildPhase section */
		7F3BD23628AEC32F0071292C /* Frameworks */ = {
			isa = PBXFrameworksBuildPhase;
			buildActionMask = 2147483647;
			files = (
			);
			runOnlyForDeploymentPostprocessing = 0;
		};
		7F3BD24C28AEC3320071292C /* Frameworks */ = {
			isa = PBXFrameworksBuildPhase;
			buildActionMask = 2147483647;
			files = (
			);
			runOnlyForDeploymentPostprocessing = 0;
		};
		7F3BD25628AEC3320071292C /* Frameworks */ = {
			isa = PBXFrameworksBuildPhase;
			buildActionMask = 2147483647;
			files = (
			);
			runOnlyForDeploymentPostprocessing = 0;
		};
/* End PBXFrameworksBuildPhase section */

/* Begin PBXGroup section */
		7F099E4D28B0F418007E2ABF /* Layout */ = {
			isa = PBXGroup;
			children = (
				7F021D0F28B2D22A0085D5AF /* SummaryCollectionViewFlowLayout.swift */,
				7F021D1328B2D2700085D5AF /* SummaryCollectionViewCompositionalLayout.swift */,
			);
			path = Layout;
			sourceTree = "<group>";
		};
		7F099E4F28B0F66F007E2ABF /* StartupPage */ = {
			isa = PBXGroup;
			children = (
				7F099E5028B0F68C007E2ABF /* StartupViewController.swift */,
			);
			path = StartupPage;
			sourceTree = "<group>";
		};
		7F3BD23028AEC32F0071292C = {
			isa = PBXGroup;
			children = (
				7F3BD23B28AEC32F0071292C /* BeerApp */,
				7F3BD25228AEC3320071292C /* BeerAppTests */,
				7F3BD25C28AEC3320071292C /* BeerAppUITests */,
				7F3BD23A28AEC32F0071292C /* Products */,
			);
			sourceTree = "<group>";
		};
		7F3BD23A28AEC32F0071292C /* Products */ = {
			isa = PBXGroup;
			children = (
				7F3BD23928AEC32F0071292C /* BeerApp.app */,
				7F3BD24F28AEC3320071292C /* BeerAppTests.xctest */,
				7F3BD25928AEC3320071292C /* BeerAppUITests.xctest */,
			);
			name = Products;
			sourceTree = "<group>";
		};
		7F3BD23B28AEC32F0071292C /* BeerApp */ = {
			isa = PBXGroup;
			children = (
				7FA8F90A28B01E810074B27C /* UI */,
				7F3BD27028AECB040071292C /* DiskStorage */,
				7F3BD26C28AEC3420071292C /* API */,
				7F3BD23C28AEC32F0071292C /* AppDelegate.swift */,
				7F3BD23E28AEC32F0071292C /* SceneDelegate.swift */,
				7F3BD24228AEC32F0071292C /* Main.storyboard */,
				7F3BD24528AEC3320071292C /* Assets.xcassets */,
				7F3BD24728AEC3320071292C /* LaunchScreen.storyboard */,
				7F3BD24A28AEC3320071292C /* Info.plist */,
			);
			path = BeerApp;
			sourceTree = "<group>";
		};
		7F3BD25228AEC3320071292C /* BeerAppTests */ = {
			isa = PBXGroup;
			children = (
				7F099E5B28B17C73007E2ABF /* APIUtilTests.swift */,
				7F099E5D28B17FD7007E2ABF /* StorageUnitTests.swift */,
			);
			path = BeerAppTests;
			sourceTree = "<group>";
		};
		7F3BD25C28AEC3320071292C /* BeerAppUITests */ = {
			isa = PBXGroup;
			children = (
				7F3BD25D28AEC3320071292C /* BeerAppUITests.swift */,
				7F3BD25F28AEC3320071292C /* BeerAppUITestsLaunchTests.swift */,
			);
			path = BeerAppUITests;
			sourceTree = "<group>";
		};
		7F3BD26C28AEC3420071292C /* API */ = {
			isa = PBXGroup;
			children = (
				7F3BD26D28AEC3670071292C /* APIUtils.swift */,
			);
			path = API;
			sourceTree = "<group>";
		};
		7F3BD27028AECB040071292C /* DiskStorage */ = {
			isa = PBXGroup;
			children = (
				7F3BD27128AECB170071292C /* DiskStorageManager.swift */,
				7F3BD27428AECB2C0071292C /* BeerDataStorageManager.swift */,
			);
			path = DiskStorage;
			sourceTree = "<group>";
		};
		7FA8F90A28B01E810074B27C /* UI */ = {
			isa = PBXGroup;
			children = (
				7F099E4F28B0F66F007E2ABF /* StartupPage */,
				7F099E4D28B0F418007E2ABF /* Layout */,
				7FA8F92E28B03E4D0074B27C /* DetailedPage */,
				7FA8F90B28B01E8B0074B27C /* SummaryPage */,
			);
			path = UI;
			sourceTree = "<group>";
		};
		7FA8F90B28B01E8B0074B27C /* SummaryPage */ = {
			isa = PBXGroup;
			children = (
				7FA8F91D28B02C660074B27C /* SummaryCollectionViewController.swift */,
				7FA8F92128B02CC10074B27C /* SummaryCollectionViewCell.swift */,
			);
			path = SummaryPage;
			sourceTree = "<group>";
		};
		7FA8F92E28B03E4D0074B27C /* DetailedPage */ = {
			isa = PBXGroup;
			children = (
				7FA8F92F28B03E5B0074B27C /* DetailedViewController.swift */,
			);
			path = DetailedPage;
			sourceTree = "<group>";
		};
/* End PBXGroup section */

/* Begin PBXNativeTarget section */
		7F3BD23828AEC32F0071292C /* BeerApp */ = {
			isa = PBXNativeTarget;
			buildConfigurationList = 7F3BD26328AEC3320071292C /* Build configuration list for PBXNativeTarget "BeerApp" */;
			buildPhases = (
				7F3BD23528AEC32F0071292C /* Sources */,
				7F3BD23628AEC32F0071292C /* Frameworks */,
				7F3BD23728AEC32F0071292C /* Resources */,
			);
			buildRules = (
			);
			dependencies = (
			);
			name = BeerApp;
			productName = BeerApp;
			productReference = 7F3BD23928AEC32F0071292C /* BeerApp.app */;
			productType = "com.apple.product-type.application";
		};
		7F3BD24E28AEC3320071292C /* BeerAppTests */ = {
			isa = PBXNativeTarget;
			buildConfigurationList = 7F3BD26628AEC3320071292C /* Build configuration list for PBXNativeTarget "BeerAppTests" */;
			buildPhases = (
				7F3BD24B28AEC3320071292C /* Sources */,
				7F3BD24C28AEC3320071292C /* Frameworks */,
				7F3BD24D28AEC3320071292C /* Resources */,
			);
			buildRules = (
			);
			dependencies = (
				7F3BD25128AEC3320071292C /* PBXTargetDependency */,
			);
			name = BeerAppTests;
			productName = BeerAppTests;
			productReference = 7F3BD24F28AEC3320071292C /* BeerAppTests.xctest */;
			productType = "com.apple.product-type.bundle.unit-test";
		};
		7F3BD25828AEC3320071292C /* BeerAppUITests */ = {
			isa = PBXNativeTarget;
			buildConfigurationList = 7F3BD26928AEC3320071292C /* Build configuration list for PBXNativeTarget "BeerAppUITests" */;
			buildPhases = (
				7F3BD25528AEC3320071292C /* Sources */,
				7F3BD25628AEC3320071292C /* Frameworks */,
				7F3BD25728AEC3320071292C /* Resources */,
			);
			buildRules = (
			);
			dependencies = (
				7F3BD25B28AEC3320071292C /* PBXTargetDependency */,
			);
			name = BeerAppUITests;
			productName = BeerAppUITests;
			productReference = 7F3BD25928AEC3320071292C /* BeerAppUITests.xctest */;
			productType = "com.apple.product-type.bundle.ui-testing";
		};
/* End PBXNativeTarget section */

/* Begin PBXProject section */
		7F3BD23128AEC32F0071292C /* Project object */ = {
			isa = PBXProject;
			attributes = {
				BuildIndependentTargetsInParallel = 1;
				LastSwiftUpdateCheck = 1340;
				LastUpgradeCheck = 1340;
				TargetAttributes = {
					7F3BD23828AEC32F0071292C = {
						CreatedOnToolsVersion = 13.4.1;
					};
					7F3BD24E28AEC3320071292C = {
						CreatedOnToolsVersion = 13.4.1;
						TestTargetID = 7F3BD23828AEC32F0071292C;
					};
					7F3BD25828AEC3320071292C = {
						CreatedOnToolsVersion = 13.4.1;
						TestTargetID = 7F3BD23828AEC32F0071292C;
					};
				};
			};
			buildConfigurationList = 7F3BD23428AEC32F0071292C /* Build configuration list for PBXProject "BeerApp" */;
			compatibilityVersion = "Xcode 13.0";
			developmentRegion = en;
			hasScannedForEncodings = 0;
			knownRegions = (
				en,
				Base,
			);
			mainGroup = 7F3BD23028AEC32F0071292C;
			productRefGroup = 7F3BD23A28AEC32F0071292C /* Products */;
			projectDirPath = "";
			projectRoot = "";
			targets = (
				7F3BD23828AEC32F0071292C /* BeerApp */,
				7F3BD24E28AEC3320071292C /* BeerAppTests */,
				7F3BD25828AEC3320071292C /* BeerAppUITests */,
			);
		};
/* End PBXProject section */

/* Begin PBXResourcesBuildPhase section */
		7F3BD23728AEC32F0071292C /* Resources */ = {
			isa = PBXResourcesBuildPhase;
			buildActionMask = 2147483647;
			files = (
				7F3BD24928AEC3320071292C /* LaunchScreen.storyboard in Resources */,
				7F3BD24628AEC3320071292C /* Assets.xcassets in Resources */,
				7F3BD24428AEC32F0071292C /* Main.storyboard in Resources */,
			);
			runOnlyForDeploymentPostprocessing = 0;
		};
		7F3BD24D28AEC3320071292C /* Resources */ = {
			isa = PBXResourcesBuildPhase;
			buildActionMask = 2147483647;
			files = (
			);
			runOnlyForDeploymentPostprocessing = 0;
		};
		7F3BD25728AEC3320071292C /* Resources */ = {
			isa = PBXResourcesBuildPhase;
			buildActionMask = 2147483647;
			files = (
			);
			runOnlyForDeploymentPostprocessing = 0;
		};
/* End PBXResourcesBuildPhase section */

/* Begin PBXSourcesBuildPhase section */
		7F3BD23528AEC32F0071292C /* Sources */ = {
			isa = PBXSourcesBuildPhase;
			buildActionMask = 2147483647;
			files = (
				7F021D1428B2D2700085D5AF /* SummaryCollectionViewCompositionalLayout.swift in Sources */,
				7F3BD26E28AEC3670071292C /* APIUtils.swift in Sources */,
				7F3BD23D28AEC32F0071292C /* AppDelegate.swift in Sources */,
				7FA8F91E28B02C660074B27C /* SummaryCollectionViewController.swift in Sources */,
				7F099E5128B0F68C007E2ABF /* StartupViewController.swift in Sources */,
				7F3BD27528AECB2C0071292C /* BeerDataStorageManager.swift in Sources */,
				7FA8F93028B03E5B0074B27C /* DetailedViewController.swift in Sources */,
				7F3BD27228AECB170071292C /* DiskStorageManager.swift in Sources */,
				7F3BD23F28AEC32F0071292C /* SceneDelegate.swift in Sources */,
				7FA8F92228B02CC10074B27C /* SummaryCollectionViewCell.swift in Sources */,
				7F021D1028B2D22A0085D5AF /* SummaryCollectionViewFlowLayout.swift in Sources */,
			);
			runOnlyForDeploymentPostprocessing = 0;
		};
		7F3BD24B28AEC3320071292C /* Sources */ = {
			isa = PBXSourcesBuildPhase;
			buildActionMask = 2147483647;
			files = (
				7F099E5228B0F68C007E2ABF /* StartupViewController.swift in Sources */,
				7F099E5C28B17C73007E2ABF /* APIUtilTests.swift in Sources */,
				7FA8F93128B03E5B0074B27C /* DetailedViewController.swift in Sources */,
				7F099E5E28B17FD7007E2ABF /* StorageUnitTests.swift in Sources */,
				7F3BD26F28AEC3670071292C /* APIUtils.swift in Sources */,
				7F021D1528B2D2700085D5AF /* SummaryCollectionViewCompositionalLayout.swift in Sources */,
				7F3BD27328AECB170071292C /* DiskStorageManager.swift in Sources */,
				7FA8F92328B02CC10074B27C /* SummaryCollectionViewCell.swift in Sources */,
				7F021D1128B2D22A0085D5AF /* SummaryCollectionViewFlowLayout.swift in Sources */,
				7F3BD27628AECB2C0071292C /* BeerDataStorageManager.swift in Sources */,
				7FA8F91F28B02C660074B27C /* SummaryCollectionViewController.swift in Sources */,
			);
			runOnlyForDeploymentPostprocessing = 0;
		};
		7F3BD25528AEC3320071292C /* Sources */ = {
			isa = PBXSourcesBuildPhase;
			buildActionMask = 2147483647;
			files = (
				7F021D1628B2D2700085D5AF /* SummaryCollectionViewCompositionalLayout.swift in Sources */,
				7FA8F92028B02C660074B27C /* SummaryCollectionViewController.swift in Sources */,
				7F3BD26028AEC3320071292C /* BeerAppUITestsLaunchTests.swift in Sources */,
				7FA8F93228B03E5B0074B27C /* DetailedViewController.swift in Sources */,
				7F3BD25E28AEC3320071292C /* BeerAppUITests.swift in Sources */,
				7F099E5328B0F68C007E2ABF /* StartupViewController.swift in Sources */,
				7F099E5828B169F0007E2ABF /* BeerDataStorageManager.swift in Sources */,
				7F099E5A28B169FE007E2ABF /* APIUtils.swift in Sources */,
				7F099E5928B169F7007E2ABF /* DiskStorageManager.swift in Sources */,
				7FA8F92428B02CC10074B27C /* SummaryCollectionViewCell.swift in Sources */,
				7F021D1228B2D22A0085D5AF /* SummaryCollectionViewFlowLayout.swift in Sources */,
			);
			runOnlyForDeploymentPostprocessing = 0;
		};
/* End PBXSourcesBuildPhase section */

/* Begin PBXTargetDependency section */
		7F3BD25128AEC3320071292C /* PBXTargetDependency */ = {
			isa = PBXTargetDependency;
			target = 7F3BD23828AEC32F0071292C /* BeerApp */;
			targetProxy = 7F3BD25028AEC3320071292C /* PBXContainerItemProxy */;
		};
		7F3BD25B28AEC3320071292C /* PBXTargetDependency */ = {
			isa = PBXTargetDependency;
			target = 7F3BD23828AEC32F0071292C /* BeerApp */;
			targetProxy = 7F3BD25A28AEC3320071292C /* PBXContainerItemProxy */;
		};
/* End PBXTargetDependency section */

/* Begin PBXVariantGroup section */
		7F3BD24228AEC32F0071292C /* Main.storyboard */ = {
			isa = PBXVariantGroup;
			children = (
				7F3BD24328AEC32F0071292C /* Base */,
			);
			name = Main.storyboard;
			sourceTree = "<group>";
		};
		7F3BD24728AEC3320071292C /* LaunchScreen.storyboard */ = {
			isa = PBXVariantGroup;
			children = (
				7F3BD24828AEC3320071292C /* Base */,
			);
			name = LaunchScreen.storyboard;
			sourceTree = "<group>";
		};
/* End PBXVariantGroup section */

/* Begin XCBuildConfiguration section */
		7F3BD26128AEC3320071292C /* Debug */ = {
			isa = XCBuildConfiguration;
			buildSettings = {
				ALWAYS_SEARCH_USER_PATHS = NO;
				CLANG_ANALYZER_NONNULL = YES;
				CLANG_ANALYZER_NUMBER_OBJECT_CONVERSION = YES_AGGRESSIVE;
				CLANG_CXX_LANGUAGE_STANDARD = "gnu++17";
				CLANG_ENABLE_MODULES = YES;
				CLANG_ENABLE_OBJC_ARC = YES;
				CLANG_ENABLE_OBJC_WEAK = YES;
				CLANG_WARN_BLOCK_CAPTURE_AUTORELEASING = YES;
				CLANG_WARN_BOOL_CONVERSION = YES;
				CLANG_WARN_COMMA = YES;
				CLANG_WARN_CONSTANT_CONVERSION = YES;
				CLANG_WARN_DEPRECATED_OBJC_IMPLEMENTATIONS = YES;
				CLANG_WARN_DIRECT_OBJC_ISA_USAGE = YES_ERROR;
				CLANG_WARN_DOCUMENTATION_COMMENTS = YES;
				CLANG_WARN_EMPTY_BODY = YES;
				CLANG_WARN_ENUM_CONVERSION = YES;
				CLANG_WARN_INFINITE_RECURSION = YES;
				CLANG_WARN_INT_CONVERSION = YES;
				CLANG_WARN_NON_LITERAL_NULL_CONVERSION = YES;
				CLANG_WARN_OBJC_IMPLICIT_RETAIN_SELF = YES;
				CLANG_WARN_OBJC_LITERAL_CONVERSION = YES;
				CLANG_WARN_OBJC_ROOT_CLASS = YES_ERROR;
				CLANG_WARN_QUOTED_INCLUDE_IN_FRAMEWORK_HEADER = YES;
				CLANG_WARN_RANGE_LOOP_ANALYSIS = YES;
				CLANG_WARN_STRICT_PROTOTYPES = YES;
				CLANG_WARN_SUSPICIOUS_MOVE = YES;
				CLANG_WARN_UNGUARDED_AVAILABILITY = YES_AGGRESSIVE;
				CLANG_WARN_UNREACHABLE_CODE = YES;
				CLANG_WARN__DUPLICATE_METHOD_MATCH = YES;
				COPY_PHASE_STRIP = NO;
				DEBUG_INFORMATION_FORMAT = dwarf;
				ENABLE_STRICT_OBJC_MSGSEND = YES;
				ENABLE_TESTABILITY = YES;
				GCC_C_LANGUAGE_STANDARD = gnu11;
				GCC_DYNAMIC_NO_PIC = NO;
				GCC_NO_COMMON_BLOCKS = YES;
				GCC_OPTIMIZATION_LEVEL = 0;
				GCC_PREPROCESSOR_DEFINITIONS = (
					"DEBUG=1",
					"$(inherited)",
				);
				GCC_WARN_64_TO_32_BIT_CONVERSION = YES;
				GCC_WARN_ABOUT_RETURN_TYPE = YES_ERROR;
				GCC_WARN_UNDECLARED_SELECTOR = YES;
				GCC_WARN_UNINITIALIZED_AUTOS = YES_AGGRESSIVE;
				GCC_WARN_UNUSED_FUNCTION = YES;
				GCC_WARN_UNUSED_VARIABLE = YES;
				IPHONEOS_DEPLOYMENT_TARGET = 12.0;
				MTL_ENABLE_DEBUG_INFO = INCLUDE_SOURCE;
				MTL_FAST_MATH = YES;
				ONLY_ACTIVE_ARCH = YES;
				SDKROOT = iphoneos;
				SWIFT_ACTIVE_COMPILATION_CONDITIONS = DEBUG;
				SWIFT_OPTIMIZATION_LEVEL = "-Onone";
			};
			name = Debug;
		};
		7F3BD26228AEC3320071292C /* Release */ = {
			isa = XCBuildConfiguration;
			buildSettings = {
				ALWAYS_SEARCH_USER_PATHS = NO;
				CLANG_ANALYZER_NONNULL = YES;
				CLANG_ANALYZER_NUMBER_OBJECT_CONVERSION = YES_AGGRESSIVE;
				CLANG_CXX_LANGUAGE_STANDARD = "gnu++17";
				CLANG_ENABLE_MODULES = YES;
				CLANG_ENABLE_OBJC_ARC = YES;
				CLANG_ENABLE_OBJC_WEAK = YES;
				CLANG_WARN_BLOCK_CAPTURE_AUTORELEASING = YES;
				CLANG_WARN_BOOL_CONVERSION = YES;
				CLANG_WARN_COMMA = YES;
				CLANG_WARN_CONSTANT_CONVERSION = YES;
				CLANG_WARN_DEPRECATED_OBJC_IMPLEMENTATIONS = YES;
				CLANG_WARN_DIRECT_OBJC_ISA_USAGE = YES_ERROR;
				CLANG_WARN_DOCUMENTATION_COMMENTS = YES;
				CLANG_WARN_EMPTY_BODY = YES;
				CLANG_WARN_ENUM_CONVERSION = YES;
				CLANG_WARN_INFINITE_RECURSION = YES;
				CLANG_WARN_INT_CONVERSION = YES;
				CLANG_WARN_NON_LITERAL_NULL_CONVERSION = YES;
				CLANG_WARN_OBJC_IMPLICIT_RETAIN_SELF = YES;
				CLANG_WARN_OBJC_LITERAL_CONVERSION = YES;
				CLANG_WARN_OBJC_ROOT_CLASS = YES_ERROR;
				CLANG_WARN_QUOTED_INCLUDE_IN_FRAMEWORK_HEADER = YES;
				CLANG_WARN_RANGE_LOOP_ANALYSIS = YES;
				CLANG_WARN_STRICT_PROTOTYPES = YES;
				CLANG_WARN_SUSPICIOUS_MOVE = YES;
				CLANG_WARN_UNGUARDED_AVAILABILITY = YES_AGGRESSIVE;
				CLANG_WARN_UNREACHABLE_CODE = YES;
				CLANG_WARN__DUPLICATE_METHOD_MATCH = YES;
				COPY_PHASE_STRIP = NO;
				DEBUG_INFORMATION_FORMAT = "dwarf-with-dsym";
				ENABLE_NS_ASSERTIONS = NO;
				ENABLE_STRICT_OBJC_MSGSEND = YES;
				GCC_C_LANGUAGE_STANDARD = gnu11;
				GCC_NO_COMMON_BLOCKS = YES;
				GCC_WARN_64_TO_32_BIT_CONVERSION = YES;
				GCC_WARN_ABOUT_RETURN_TYPE = YES_ERROR;
				GCC_WARN_UNDECLARED_SELECTOR = YES;
				GCC_WARN_UNINITIALIZED_AUTOS = YES_AGGRESSIVE;
				GCC_WARN_UNUSED_FUNCTION = YES;
				GCC_WARN_UNUSED_VARIABLE = YES;
				IPHONEOS_DEPLOYMENT_TARGET = 12.0;
				MTL_ENABLE_DEBUG_INFO = NO;
				MTL_FAST_MATH = YES;
				SDKROOT = iphoneos;
				SWIFT_COMPILATION_MODE = wholemodule;
				SWIFT_OPTIMIZATION_LEVEL = "-O";
				VALIDATE_PRODUCT = YES;
			};
			name = Release;
		};
		7F3BD26428AEC3320071292C /* Debug */ = {
			isa = XCBuildConfiguration;
			buildSettings = {
				ASSETCATALOG_COMPILER_APPICON_NAME = AppIcon;
				ASSETCATALOG_COMPILER_GLOBAL_ACCENT_COLOR_NAME = AccentColor;
				CODE_SIGN_STYLE = Automatic;
				CURRENT_PROJECT_VERSION = 1;
				DEVELOPMENT_TEAM = Q7699JRRV6;
				GENERATE_INFOPLIST_FILE = YES;
				INFOPLIST_FILE = BeerApp/Info.plist;
				INFOPLIST_KEY_UIApplicationSupportsIndirectInputEvents = YES;
				INFOPLIST_KEY_UILaunchStoryboardName = LaunchScreen;
				INFOPLIST_KEY_UIMainStoryboardFile = Main;
				INFOPLIST_KEY_UISupportedInterfaceOrientations = UIInterfaceOrientationPortrait;
				INFOPLIST_KEY_UISupportedInterfaceOrientations_iPad = UIInterfaceOrientationPortrait;
				INFOPLIST_KEY_UISupportedInterfaceOrientations_iPhone = UIInterfaceOrientationPortrait;
				IPHONEOS_DEPLOYMENT_TARGET = 12.0;
				LD_RUNPATH_SEARCH_PATHS = (
					"$(inherited)",
					"@executable_path/Frameworks",
				);
				MARKETING_VERSION = 1.0;
				PRODUCT_BUNDLE_IDENTIFIER = com.Brewdog.Beer.app;
				PRODUCT_NAME = "$(TARGET_NAME)";
				SWIFT_EMIT_LOC_STRINGS = YES;
				SWIFT_VERSION = 5.0;
				TARGETED_DEVICE_FAMILY = "1,2";
			};
			name = Debug;
		};
		7F3BD26528AEC3320071292C /* Release */ = {
			isa = XCBuildConfiguration;
			buildSettings = {
				ASSETCATALOG_COMPILER_APPICON_NAME = AppIcon;
				ASSETCATALOG_COMPILER_GLOBAL_ACCENT_COLOR_NAME = AccentColor;
				CODE_SIGN_STYLE = Automatic;
				CURRENT_PROJECT_VERSION = 1;
				DEVELOPMENT_TEAM = Q7699JRRV6;
				GENERATE_INFOPLIST_FILE = YES;
				INFOPLIST_FILE = BeerApp/Info.plist;
				INFOPLIST_KEY_UIApplicationSupportsIndirectInputEvents = YES;
				INFOPLIST_KEY_UILaunchStoryboardName = LaunchScreen;
				INFOPLIST_KEY_UIMainStoryboardFile = Main;
				INFOPLIST_KEY_UISupportedInterfaceOrientations = UIInterfaceOrientationPortrait;
				INFOPLIST_KEY_UISupportedInterfaceOrientations_iPad = UIInterfaceOrientationPortrait;
				INFOPLIST_KEY_UISupportedInterfaceOrientations_iPhone = UIInterfaceOrientationPortrait;
				IPHONEOS_DEPLOYMENT_TARGET = 12.0;
				LD_RUNPATH_SEARCH_PATHS = (
					"$(inherited)",
					"@executable_path/Frameworks",
				);
				MARKETING_VERSION = 1.0;
				PRODUCT_BUNDLE_IDENTIFIER = com.Brewdog.Beer.app;
				PRODUCT_NAME = "$(TARGET_NAME)";
				SWIFT_EMIT_LOC_STRINGS = YES;
				SWIFT_VERSION = 5.0;
				TARGETED_DEVICE_FAMILY = "1,2";
			};
			name = Release;
		};
		7F3BD26728AEC3320071292C /* Debug */ = {
			isa = XCBuildConfiguration;
			buildSettings = {
				ALWAYS_EMBED_SWIFT_STANDARD_LIBRARIES = YES;
				BUNDLE_LOADER = "$(TEST_HOST)";
				CODE_SIGN_IDENTITY = "Apple Development";
				"CODE_SIGN_IDENTITY[sdk=macosx*]" = "Apple Development";
				CODE_SIGN_STYLE = Automatic;
				CURRENT_PROJECT_VERSION = 1;
				DEVELOPMENT_TEAM = Q7699JRRV6;
				GENERATE_INFOPLIST_FILE = YES;
				IPHONEOS_DEPLOYMENT_TARGET = 15.5;
				MARKETING_VERSION = 1.0;
				PRODUCT_BUNDLE_IDENTIFIER = com.Brewdog.BeerAppTests;
				PRODUCT_NAME = "$(TARGET_NAME)";
				PROVISIONING_PROFILE_SPECIFIER = "";
				"PROVISIONING_PROFILE_SPECIFIER[sdk=macosx*]" = "";
				SWIFT_EMIT_LOC_STRINGS = NO;
				SWIFT_VERSION = 5.0;
				TARGETED_DEVICE_FAMILY = "1,2";
				TEST_HOST = "$(BUILT_PRODUCTS_DIR)/BeerApp.app/BeerApp";
			};
			name = Debug;
		};
		7F3BD26828AEC3320071292C /* Release */ = {
			isa = XCBuildConfiguration;
			buildSettings = {
				ALWAYS_EMBED_SWIFT_STANDARD_LIBRARIES = YES;
				BUNDLE_LOADER = "$(TEST_HOST)";
				CODE_SIGN_IDENTITY = "Apple Development";
				"CODE_SIGN_IDENTITY[sdk=macosx*]" = "Apple Development";
				CODE_SIGN_STYLE = Automatic;
				CURRENT_PROJECT_VERSION = 1;
				DEVELOPMENT_TEAM = Q7699JRRV6;
				GENERATE_INFOPLIST_FILE = YES;
				IPHONEOS_DEPLOYMENT_TARGET = 15.5;
				MARKETING_VERSION = 1.0;
				PRODUCT_BUNDLE_IDENTIFIER = com.Brewdog.BeerAppTests;
				PRODUCT_NAME = "$(TARGET_NAME)";
				PROVISIONING_PROFILE_SPECIFIER = "";
				"PROVISIONING_PROFILE_SPECIFIER[sdk=macosx*]" = "";
				SWIFT_EMIT_LOC_STRINGS = NO;
				SWIFT_VERSION = 5.0;
				TARGETED_DEVICE_FAMILY = "1,2";
				TEST_HOST = "$(BUILT_PRODUCTS_DIR)/BeerApp.app/BeerApp";
			};
			name = Release;
		};
		7F3BD26A28AEC3320071292C /* Debug */ = {
			isa = XCBuildConfiguration;
			buildSettings = {
				ALWAYS_EMBED_SWIFT_STANDARD_LIBRARIES = YES;
				CODE_SIGN_IDENTITY = "Apple Development";
				"CODE_SIGN_IDENTITY[sdk=macosx*]" = "Apple Development";
				CODE_SIGN_STYLE = Automatic;
				CURRENT_PROJECT_VERSION = 1;
				DEVELOPMENT_TEAM = Q7699JRRV6;
				GENERATE_INFOPLIST_FILE = YES;
				MARKETING_VERSION = 1.0;
				PRODUCT_BUNDLE_IDENTIFIER = com.Brewdog.BeerAppUITests;
				PRODUCT_NAME = "$(TARGET_NAME)";
				PROVISIONING_PROFILE_SPECIFIER = "";
				"PROVISIONING_PROFILE_SPECIFIER[sdk=macosx*]" = "";
				SWIFT_EMIT_LOC_STRINGS = NO;
				SWIFT_VERSION = 5.0;
				TARGETED_DEVICE_FAMILY = "1,2";
				TEST_TARGET_NAME = BeerApp;
			};
			name = Debug;
		};
		7F3BD26B28AEC3320071292C /* Release */ = {
			isa = XCBuildConfiguration;
			buildSettings = {
				ALWAYS_EMBED_SWIFT_STANDARD_LIBRARIES = YES;
				CODE_SIGN_IDENTITY = "Apple Development";
				"CODE_SIGN_IDENTITY[sdk=macosx*]" = "Apple Development";
				CODE_SIGN_STYLE = Automatic;
				CURRENT_PROJECT_VERSION = 1;
				DEVELOPMENT_TEAM = Q7699JRRV6;
				GENERATE_INFOPLIST_FILE = YES;
				MARKETING_VERSION = 1.0;
				PRODUCT_BUNDLE_IDENTIFIER = com.Brewdog.BeerAppUITests;
				PRODUCT_NAME = "$(TARGET_NAME)";
				PROVISIONING_PROFILE_SPECIFIER = "";
				"PROVISIONING_PROFILE_SPECIFIER[sdk=macosx*]" = "";
				SWIFT_EMIT_LOC_STRINGS = NO;
				SWIFT_VERSION = 5.0;
				TARGETED_DEVICE_FAMILY = "1,2";
				TEST_TARGET_NAME = BeerApp;
			};
			name = Release;
		};
/* End XCBuildConfiguration section */

/* Begin XCConfigurationList section */
		7F3BD23428AEC32F0071292C /* Build configuration list for PBXProject "BeerApp" */ = {
			isa = XCConfigurationList;
			buildConfigurations = (
				7F3BD26128AEC3320071292C /* Debug */,
				7F3BD26228AEC3320071292C /* Release */,
			);
			defaultConfigurationIsVisible = 0;
			defaultConfigurationName = Release;
		};
		7F3BD26328AEC3320071292C /* Build configuration list for PBXNativeTarget "BeerApp" */ = {
			isa = XCConfigurationList;
			buildConfigurations = (
				7F3BD26428AEC3320071292C /* Debug */,
				7F3BD26528AEC3320071292C /* Release */,
			);
			defaultConfigurationIsVisible = 0;
			defaultConfigurationName = Release;
		};
		7F3BD26628AEC3320071292C /* Build configuration list for PBXNativeTarget "BeerAppTests" */ = {
			isa = XCConfigurationList;
			buildConfigurations = (
				7F3BD26728AEC3320071292C /* Debug */,
				7F3BD26828AEC3320071292C /* Release */,
			);
			defaultConfigurationIsVisible = 0;
			defaultConfigurationName = Release;
		};
		7F3BD26928AEC3320071292C /* Build configuration list for PBXNativeTarget "BeerAppUITests" */ = {
			isa = XCConfigurationList;
			buildConfigurations = (
				7F3BD26A28AEC3320071292C /* Debug */,
				7F3BD26B28AEC3320071292C /* Release */,
			);
			defaultConfigurationIsVisible = 0;
			defaultConfigurationName = Release;
		};
/* End XCConfigurationList section */
	};
	rootObject = 7F3BD23128AEC32F0071292C /* Project object */;
}
